
Microsoft Visual Studio Solution File, Format Version 12.00
# Visual Studio 14
VisualStudioVersion = 14.0.25420.1
MinimumVisualStudioVersion = 10.0.40219.1
Project("{FAE04EC0-301F-11D3-BF4B-00C04F79EFBC}") = "TFLEXDocsClasses", "TFLEXDocsClasses\TFLEXDocsClasses.csproj", "{24999ED0-FDFB-4960-812D-6860F69A54FB}"
EndProject
Project("{FAE04EC0-301F-11D3-BF4B-00C04F79EFBC}") = "PM_Report_Dialog_WinForms1", "..\PM_Report_Dialog_WinForms1\PM_Report_Dialog_WinForms1\PM_Report_Dialog_WinForms1.csproj", "{0EDDEA67-901E-4149-BCCB-665465EF853C}"
EndProject
Project("{FAE04EC0-301F-11D3-BF4B-00C04F79EFBC}") = "ШаблонДляМакроса", "..\ШаблонДляМакроса\ШаблонДляМакроса\ШаблонДляМакроса.csproj", "{276863AB-C761-4AEE-9D52-119E7FEB9A73}"
EndProject
Project("{FAE04EC0-301F-11D3-BF4B-00C04F79EFBC}") = "Tests", "..\ШаблонДляМакроса\Tests\Tests.csproj", "{EF837AEB-67BE-4243-985D-D3DAD2FAB98D}"
EndProject
Global
	GlobalSection(SolutionConfigurationPlatforms) = preSolution
		Debug|Any CPU = Debug|Any CPU
		Release|Any CPU = Release|Any CPU
	EndGlobalSection
	GlobalSection(ProjectConfigurationPlatforms) = postSolution
		{24999ED0-FDFB-4960-812D-6860F69A54FB}.Debug|Any CPU.ActiveCfg = Debug|Any CPU
		{24999ED0-FDFB-4960-812D-6860F69A54FB}.Debug|Any CPU.Build.0 = Debug|Any CPU
		{24999ED0-FDFB-4960-812D-6860F69A54FB}.Release|Any CPU.ActiveCfg = Release|Any CPU
		{24999ED0-FDFB-4960-812D-6860F69A54FB}.Release|Any CPU.Build.0 = Release|Any CPU
		{0EDDEA67-901E-4149-BCCB-665465EF853C}.Debug|Any CPU.ActiveCfg = Debug|Any CPU
		{0EDDEA67-901E-4149-BCCB-665465EF853C}.Debug|Any CPU.Build.0 = Debug|Any CPU
		{0EDDEA67-901E-4149-BCCB-665465EF853C}.Release|Any CPU.ActiveCfg = Release|Any CPU
		{0EDDEA67-901E-4149-BCCB-665465EF853C}.Release|Any CPU.Build.0 = Release|Any CPU
		{276863AB-C761-4AEE-9D52-119E7FEB9A73}.Debug|Any CPU.ActiveCfg = Debug|Any CPU
		{276863AB-C761-4AEE-9D52-119E7FEB9A73}.Debug|Any CPU.Build.0 = Debug|Any CPU
		{276863AB-C761-4AEE-9D52-119E7FEB9A73}.Release|Any CPU.ActiveCfg = Release|Any CPU
		{276863AB-C761-4AEE-9D52-119E7FEB9A73}.Release|Any CPU.Build.0 = Release|Any CPU
		{EF837AEB-67BE-4243-985D-D3DAD2FAB98D}.Debug|Any CPU.ActiveCfg = Debug|Any CPU
		{EF837AEB-67BE-4243-985D-D3DAD2FAB98D}.Debug|Any CPU.Build.0 = Debug|Any CPU
		{EF837AEB-67BE-4243-985D-D3DAD2FAB98D}.Release|Any CPU.ActiveCfg = Release|Any CPU
		{EF837AEB-67BE-4243-985D-D3DAD2FAB98D}.Release|Any CPU.Build.0 = Release|Any CPU
	EndGlobalSection
	GlobalSection(SolutionProperties) = preSolution
		HideSolutionNode = FALSE
	EndGlobalSection
EndGlobal
