
Microsoft Visual Studio Solution File, Format Version 12.00
# Visual Studio 14
VisualStudioVersion = 14.0.25420.1
MinimumVisualStudioVersion = 10.0.40219.1
Project("{FAE04EC0-301F-11D3-BF4B-00C04F79EFBC}") = "DocsStarter", "DocsStarter\DocsStarter.csproj", "{F07D883B-E438-4914-A12F-87CD89113E38}"
EndProject
Project("{FAE04EC0-301F-11D3-BF4B-00C04F79EFBC}") = "WorkSelector", "WorkSelector\WorkSelector.csproj", "{2FE0E676-FF03-4A8D-9886-E66438FEC73E}"
EndProject
Global
	GlobalSection(SolutionConfigurationPlatforms) = preSolution
		Debug|Any CPU = Debug|Any CPU
		Release|Any CPU = Release|Any CPU
	EndGlobalSection
	GlobalSection(ProjectConfigurationPlatforms) = postSolution
		{F07D883B-E438-4914-A12F-87CD89113E38}.Debug|Any CPU.ActiveCfg = Debug|Any CPU
		{F07D883B-E438-4914-A12F-87CD89113E38}.Debug|Any CPU.Build.0 = Debug|Any CPU
		{F07D883B-E438-4914-A12F-87CD89113E38}.Release|Any CPU.ActiveCfg = Release|Any CPU
		{F07D883B-E438-4914-A12F-87CD89113E38}.Release|Any CPU.Build.0 = Release|Any CPU
		{2FE0E676-FF03-4A8D-9886-E66438FEC73E}.Debug|Any CPU.ActiveCfg = Debug|Any CPU
		{2FE0E676-FF03-4A8D-9886-E66438FEC73E}.Debug|Any CPU.Build.0 = Debug|Any CPU
		{2FE0E676-FF03-4A8D-9886-E66438FEC73E}.Release|Any CPU.ActiveCfg = Release|Any CPU
		{2FE0E676-FF03-4A8D-9886-E66438FEC73E}.Release|Any CPU.Build.0 = Release|Any CPU
	EndGlobalSection
	GlobalSection(SolutionProperties) = preSolution
		HideSolutionNode = FALSE
	EndGlobalSection
EndGlobal
