
Microsoft Visual Studio Solution File, Format Version 12.00
# Visual Studio 14
VisualStudioVersion = 14.0.25420.1
MinimumVisualStudioVersion = 10.0.40219.1
Project("{FAE04EC0-301F-11D3-BF4B-00C04F79EFBC}") = "DinamikaExtension", "DinamikaExtension\DinamikaExtension.csproj", "{C762C67C-A1D7-42BC-A555-2C519E676006}"
EndProject
Project("{FAE04EC0-301F-11D3-BF4B-00C04F79EFBC}") = "DinamikaGuids", "..\DinamikaGuids\DinamikaGuids\DinamikaGuids.csproj", "{7F84B939-610E-4A5D-A454-90AE5076B2BA}"
EndProject
Global
	GlobalSection(SolutionConfigurationPlatforms) = preSolution
		Debug|Any CPU = Debug|Any CPU
		Release|Any CPU = Release|Any CPU
	EndGlobalSection
	GlobalSection(ProjectConfigurationPlatforms) = postSolution
		{C762C67C-A1D7-42BC-A555-2C519E676006}.Debug|Any CPU.ActiveCfg = Debug|Any CPU
		{C762C67C-A1D7-42BC-A555-2C519E676006}.Debug|Any CPU.Build.0 = Debug|Any CPU
		{C762C67C-A1D7-42BC-A555-2C519E676006}.Release|Any CPU.ActiveCfg = Release|Any CPU
		{C762C67C-A1D7-42BC-A555-2C519E676006}.Release|Any CPU.Build.0 = Release|Any CPU
		{7F84B939-610E-4A5D-A454-90AE5076B2BA}.Debug|Any CPU.ActiveCfg = Debug|Any CPU
		{7F84B939-610E-4A5D-A454-90AE5076B2BA}.Debug|Any CPU.Build.0 = Debug|Any CPU
		{7F84B939-610E-4A5D-A454-90AE5076B2BA}.Release|Any CPU.ActiveCfg = Release|Any CPU
		{7F84B939-610E-4A5D-A454-90AE5076B2BA}.Release|Any CPU.Build.0 = Release|Any CPU
	EndGlobalSection
	GlobalSection(SolutionProperties) = preSolution
		HideSolutionNode = FALSE
	EndGlobalSection
EndGlobal
